# generated by rye
# use `rye lock` or `rye sync` to update this lockfile
#
# last locked with the following flags:
#   pre: false
#   features: []
#   all-features: false
#   with-sources: false
#   generate-hashes: false
#   universal: false

-e file:.
aiofiles==24.1.0
    # via gradio
aiohappyeyeballs==2.6.1
    # via aiohttp
aiohttp==3.10.11
    # via llama-index-core
aiosignal==1.4.0
    # via aiohttp
aiosqlite==0.22.1
    # via llama-index-core
annotated-doc==0.0.4
    # via fastapi
annotated-types==0.7.0
    # via pydantic
anyio==4.12.1
    # via gradio
    # via httpx
    # via starlette
attrs==25.4.0
    # via aiohttp
audioop-lts==0.2.2
    # via gradio
banks==2.2.0
    # via llama-index-core
brotli==1.2.0
    # via gradio
certifi==2026.1.4
    # via httpcore
    # via httpx
    # via requests
cffi==2.0.0
    # via cryptography
charset-normalizer==3.4.4
    # via requests
click==8.3.1
    # via hwp-parser
    # via nltk
    # via typer
    # via typer-slim
    # via uvicorn
colorama==0.4.6
    # via griffe
cryptography==46.0.3
    # via pyhwp
dataclasses-json==0.6.7
    # via llama-index-core
deprecated==1.3.1
    # via banks
    # via llama-index-core
    # via llama-index-instrumentation
dirtyjson==1.0.8
    # via llama-index-core
fastapi==0.128.0
    # via gradio
ffmpy==1.0.0
    # via gradio
filelock==3.20.3
    # via huggingface-hub
filetype==1.2.0
    # via llama-index-core
frozenlist==1.8.0
    # via aiohttp
    # via aiosignal
fsspec==2026.1.0
    # via gradio-client
    # via huggingface-hub
    # via llama-index-core
gradio==6.3.0
    # via hwp-parser
gradio-client==2.0.3
    # via gradio
greenlet==3.3.0
    # via sqlalchemy
griffe==1.15.0
    # via banks
groovy==0.1.2
    # via gradio
h11==0.16.0
    # via httpcore
    # via uvicorn
hf-xet==1.2.0
    # via huggingface-hub
html-to-markdown==2.23.1
    # via hwp-parser
html2text==2025.4.15
    # via hwp-parser
httpcore==1.0.9
    # via httpx
httpx==0.28.1
    # via gradio
    # via gradio-client
    # via huggingface-hub
    # via llama-index-core
    # via safehttpx
huggingface-hub==1.3.2
    # via gradio
    # via gradio-client
idna==3.11
    # via anyio
    # via httpx
    # via requests
    # via yarl
jinja2==3.1.6
    # via banks
    # via gradio
joblib==1.5.3
    # via nltk
llama-index-core==0.14.12
    # via hwp-parser
llama-index-instrumentation==0.4.2
    # via llama-index-workflows
llama-index-workflows==2.11.7
    # via llama-index-core
loguru==0.7.3
    # via hwp-parser
lxml==6.0.2
    # via pyhwp
markdown-it-py==4.0.0
    # via rich
markupsafe==3.0.3
    # via gradio
    # via jinja2
marshmallow==3.26.2
    # via dataclasses-json
mdurl==0.1.2
    # via markdown-it-py
multidict==6.7.0
    # via aiohttp
    # via yarl
mypy-extensions==1.1.0
    # via typing-inspect
nest-asyncio==1.6.0
    # via llama-index-core
networkx==3.6.1
    # via llama-index-core
nltk==3.9.2
    # via llama-index-core
numpy==2.4.1
    # via gradio
    # via llama-index-core
    # via pandas
olefile==0.47
    # via pyhwp
orjson==3.11.5
    # via gradio
packaging==25.0
    # via gradio
    # via gradio-client
    # via huggingface-hub
    # via marshmallow
pandas==2.3.3
    # via gradio
pillow==12.1.0
    # via gradio
    # via llama-index-core
platformdirs==4.5.1
    # via banks
    # via llama-index-core
propcache==0.4.1
    # via yarl
pycparser==2.23
    # via cffi
pydantic==2.12.5
    # via banks
    # via fastapi
    # via gradio
    # via llama-index-core
    # via llama-index-instrumentation
    # via llama-index-workflows
pydantic-core==2.41.5
    # via pydantic
pydub==0.25.1
    # via gradio
pygments==2.19.2
    # via rich
pyhwp==0.1b15
    # via hwp-parser
python-dateutil==2.9.0.post0
    # via pandas
python-multipart==0.0.21
    # via gradio
pytz==2025.2
    # via pandas
pyyaml==6.0.3
    # via gradio
    # via huggingface-hub
    # via llama-index-core
regex==2025.11.3
    # via nltk
    # via tiktoken
requests==2.32.5
    # via llama-index-core
    # via tiktoken
rich==14.2.0
    # via typer
safehttpx==0.1.7
    # via gradio
semantic-version==2.10.0
    # via gradio
setuptools==80.9.0
    # via llama-index-core
shellingham==1.5.4
    # via huggingface-hub
    # via typer
six==1.17.0
    # via python-dateutil
sqlalchemy==2.0.45
    # via llama-index-core
starlette==0.50.0
    # via fastapi
    # via gradio
tenacity==9.1.2
    # via llama-index-core
tiktoken==0.12.0
    # via llama-index-core
tomlkit==0.13.3
    # via gradio
tqdm==4.67.1
    # via huggingface-hub
    # via llama-index-core
    # via nltk
typer==0.21.1
    # via gradio
typer-slim==0.21.1
    # via huggingface-hub
typing-extensions==4.15.0
    # via fastapi
    # via gradio
    # via gradio-client
    # via huggingface-hub
    # via llama-index-core
    # via llama-index-workflows
    # via pydantic
    # via pydantic-core
    # via sqlalchemy
    # via typer
    # via typer-slim
    # via typing-inspect
    # via typing-inspection
typing-inspect==0.9.0
    # via dataclasses-json
    # via llama-index-core
typing-inspection==0.4.2
    # via pydantic
tzdata==2025.3
    # via pandas
urllib3==2.6.3
    # via requests
uvicorn==0.40.0
    # via gradio
wrapt==1.17.3
    # via deprecated
    # via llama-index-core
yarl==1.22.0
    # via aiohttp
